// !$*UTF8*$!
{
	archiveVersion = 1;
	classes = {
	};
	objectVersion = 46;
	objects = {

/* Begin PBXBuildFile section */
		006D720419952D00008149E2 /* AVFoundation.framework in Frameworks */ = {isa = PBXBuildFile; fileRef = 006D720219952D00008149E2 /* AVFoundation.framework */; };
		006D720519952D00008149E2 /* CoreMedia.framework in Frameworks */ = {isa = PBXBuildFile; fileRef = 006D720319952D00008149E2 /* CoreMedia.framework */; };
		0091D8F90E81B9330029341E /* OpenGL.framework in Frameworks */ = {isa = PBXBuildFile; fileRef = 0091D8F80E81B9330029341E /* OpenGL.framework */; };
		00B784B30FF439BC000DE1D7 /* Accelerate.framework in Frameworks */ = {isa = PBXBuildFile; fileRef = 00B784AF0FF439BC000DE1D7 /* Accelerate.framework */; };
		00B784B40FF439BC000DE1D7 /* AudioToolbox.framework in Frameworks */ = {isa = PBXBuildFile; fileRef = 00B784B00FF439BC000DE1D7 /* AudioToolbox.framework */; };
		00B784B50FF439BC000DE1D7 /* AudioUnit.framework in Frameworks */ = {isa = PBXBuildFile; fileRef = 00B784B10FF439BC000DE1D7 /* AudioUnit.framework */; };
		00B784B60FF439BC000DE1D7 /* CoreAudio.framework in Frameworks */ = {isa = PBXBuildFile; fileRef = 00B784B20FF439BC000DE1D7 /* CoreAudio.framework */; };
		00B9955A1B128DF400A5C623 /* IOKit.framework in Frameworks */ = {isa = PBXBuildFile; fileRef = 00B995581B128DF400A5C623 /* IOKit.framework */; };
		00B9955B1B128DF400A5C623 /* IOSurface.framework in Frameworks */ = {isa = PBXBuildFile; fileRef = 00B995591B128DF400A5C623 /* IOSurface.framework */; };
		5323E6B20EAFCA74003A9687 /* CoreVideo.framework in Frameworks */ = {isa = PBXBuildFile; fileRef = 5323E6B10EAFCA74003A9687 /* CoreVideo.framework */; };
		8D11072F0486CEB800E47090 /* Cocoa.framework in Frameworks */ = {isa = PBXBuildFile; fileRef = 1058C7A1FEA54F0111CA2CBB /* Cocoa.framework */; };
		1BB3CA4539D24B4EAFDEEC66 /* imgui_demo.cpp in Sources */ = {isa = PBXBuildFile; fileRef = A9B7089E1CFC49B8BCAAFB6F /* imgui_demo.cpp */; };
		BABA83D8A59C497C85550BEC /* imgui_draw.cpp in Sources */ = {isa = PBXBuildFile; fileRef = 036F83FC86EF4A2C9F0E9866 /* imgui_draw.cpp */; };
		366D7C7C3083465A97054955 /* imgui.cpp in Sources */ = {isa = PBXBuildFile; fileRef = F60A493252DA4A0DB5B65A21 /* imgui.cpp */; };
		2B909EA34199455FB140D858 /* CinderImGui.cpp in Sources */ = {isa = PBXBuildFile; fileRef = 78FC39A2E04B46CBACD904E9 /* CinderImGui.cpp */; };
		5CFDC88E4A854D6282E8448C /* imgui_internal.h in Headers */ = {isa = PBXBuildFile; fileRef = 5FDC7DD979A74F338B496492 /* imgui_internal.h */; };
		92DC03685BD649BAB9D68370 /* imgui.h in Headers */ = {isa = PBXBuildFile; fileRef = 24E2C36BABDC42779F12F55E /* imgui.h */; };
		B1BA72ACAAD640B88408F4D8 /* imconfig.h in Headers */ = {isa = PBXBuildFile; fileRef = 5780D01764F5449C996DD94D /* imconfig.h */; };
		13871DC08F9548EFB33B6214 /* imgui_user.inl in Headers */ = {isa = PBXBuildFile; fileRef = AA2AE4AAA09940A2BD0A3147 /* imgui_user.inl */; };
		0F56A20265554211A7ED20AB /* imgui_user.h in Headers */ = {isa = PBXBuildFile; fileRef = 766E33F2F3DA4EDEB3EDBD28 /* imgui_user.h */; };
		097B89F8CF8D4870870A8ABE /* CinderImGui.h in Headers */ = {isa = PBXBuildFile; fileRef = A9A1525D7A564CBDA960CDAB /* CinderImGui.h */; };
		3F1FACFD43CB4023933228E8 /* Camera_Prefix.pch in Headers */ = {isa = PBXBuildFile; fileRef = 5CA79152A4E24D48B7DF37F4 /* Camera_Prefix.pch */; };
		4FAC4DA8CCEB496782831B94 /* CinderApp.icns in Resources */ = {isa = PBXBuildFile; fileRef = 4E6380F489644BEB9CBFB007 /* CinderApp.icns */; };
		EEC73C2CAC3F4925B1A8A557 /* Resources.h in Headers */ = {isa = PBXBuildFile; fileRef = E99D57723EB946F08AF0D2EB /* Resources.h */; };
		3D21DD72824D4823B0C8AA62 /* CameraApp.cpp in Sources */ = {isa = PBXBuildFile; fileRef = 6A9D18B81C044BBCBACA1770 /* CameraApp.cpp */; };
/* End PBXBuildFile section */

/* Begin PBXFileReference section */
		006D720219952D00008149E2 /* AVFoundation.framework */ = {isa = PBXFileReference; lastKnownFileType = wrapper.framework; name = AVFoundation.framework; path = System/Library/Frameworks/AVFoundation.framework; sourceTree = SDKROOT; };
		006D720319952D00008149E2 /* CoreMedia.framework */ = {isa = PBXFileReference; lastKnownFileType = wrapper.framework; name = CoreMedia.framework; path = System/Library/Frameworks/CoreMedia.framework; sourceTree = SDKROOT; };
		0091D8F80E81B9330029341E /* OpenGL.framework */ = {isa = PBXFileReference; lastKnownFileType = wrapper.framework; name = OpenGL.framework; path = /System/Library/Frameworks/OpenGL.framework; sourceTree = "<absolute>"; };
		00B784AF0FF439BC000DE1D7 /* Accelerate.framework */ = {isa = PBXFileReference; lastKnownFileType = wrapper.framework; name = Accelerate.framework; path = System/Library/Frameworks/Accelerate.framework; sourceTree = SDKROOT; };
		00B784B00FF439BC000DE1D7 /* AudioToolbox.framework */ = {isa = PBXFileReference; lastKnownFileType = wrapper.framework; name = AudioToolbox.framework; path = System/Library/Frameworks/AudioToolbox.framework; sourceTree = SDKROOT; };
		00B784B10FF439BC000DE1D7 /* AudioUnit.framework */ = {isa = PBXFileReference; lastKnownFileType = wrapper.framework; name = AudioUnit.framework; path = System/Library/Frameworks/AudioUnit.framework; sourceTree = SDKROOT; };
		00B784B20FF439BC000DE1D7 /* CoreAudio.framework */ = {isa = PBXFileReference; lastKnownFileType = wrapper.framework; name = CoreAudio.framework; path = System/Library/Frameworks/CoreAudio.framework; sourceTree = SDKROOT; };
		00B995581B128DF400A5C623 /* IOKit.framework */ = {isa = PBXFileReference; lastKnownFileType = wrapper.framework; name = IOKit.framework; path = System/Library/Frameworks/IOKit.framework; sourceTree = SDKROOT; };
		00B995591B128DF400A5C623 /* IOSurface.framework */ = {isa = PBXFileReference; lastKnownFileType = wrapper.framework; name = IOSurface.framework; path = System/Library/Frameworks/IOSurface.framework; sourceTree = SDKROOT; };
		1058C7A1FEA54F0111CA2CBB /* Cocoa.framework */ = {isa = PBXFileReference; lastKnownFileType = wrapper.framework; name = Cocoa.framework; path = /System/Library/Frameworks/Cocoa.framework; sourceTree = "<absolute>"; };
		29B97324FDCFA39411CA2CEA /* AppKit.framework */ = {isa = PBXFileReference; lastKnownFileType = wrapper.framework; name = AppKit.framework; path = /System/Library/Frameworks/AppKit.framework; sourceTree = "<absolute>"; };
		29B97325FDCFA39411CA2CEA /* Foundation.framework */ = {isa = PBXFileReference; lastKnownFileType = wrapper.framework; name = Foundation.framework; path = /System/Library/Frameworks/Foundation.framework; sourceTree = "<absolute>"; };
		5323E6B10EAFCA74003A9687 /* CoreVideo.framework */ = {isa = PBXFileReference; lastKnownFileType = wrapper.framework; name = CoreVideo.framework; path = /System/Library/Frameworks/CoreVideo.framework; sourceTree = "<absolute>"; };
		8D1107320486CEB800E47090 /* Camera.app */ = {isa = PBXFileReference; explicitFileType = wrapper.application; includeInIndex = 0; path = Camera.app; sourceTree = BUILT_PRODUCTS_DIR; };
		6A9D18B81C044BBCBACA1770 /* CameraApp.cpp */ = {isa = PBXFileReference; lastKnownFileType = sourcecode.c.cpp; path = ../src/CameraApp.cpp; sourceTree = "<group>"; name = CameraApp.cpp; };
		E99D57723EB946F08AF0D2EB /* Resources.h */ = {isa = PBXFileReference; lastKnownFileType = sourcecode.c.h; path = ../include/Resources.h; sourceTree = "<group>"; name = Resources.h; };
		4E6380F489644BEB9CBFB007 /* CinderApp.icns */ = {isa = PBXFileReference; lastKnownFileType = image.icns; path = ../resources/CinderApp.icns; sourceTree = "<group>"; name = CinderApp.icns; };
		A172A0A24036447EAE695D7C /* Info.plist */ = {isa = PBXFileReference; lastKnownFileType = text.plist.xml; path = Info.plist; sourceTree = "<group>"; name = Info.plist; };
		5CA79152A4E24D48B7DF37F4 /* Camera_Prefix.pch */ = {isa = PBXFileReference; lastKnownFileType = "\"\""; path = Camera_Prefix.pch; sourceTree = "<group>"; name = Camera_Prefix.pch; };
		A9A1525D7A564CBDA960CDAB /* CinderImGui.h */ = {isa = PBXFileReference; lastKnownFileType = sourcecode.c.h; path = "../../../../cinder_0.9.0_vc2013/blocks/Cinder-ImGui/include/CinderImGui.h"; sourceTree = "<group>"; name = CinderImGui.h; };
		766E33F2F3DA4EDEB3EDBD28 /* imgui_user.h */ = {isa = PBXFileReference; lastKnownFileType = sourcecode.c.h; path = "../../../../cinder_0.9.0_vc2013/blocks/Cinder-ImGui/include/imgui_user.h"; sourceTree = "<group>"; name = imgui_user.h; };
		AA2AE4AAA09940A2BD0A3147 /* imgui_user.inl */ = {isa = PBXFileReference; lastKnownFileType = "\"\""; path = "../../../../cinder_0.9.0_vc2013/blocks/Cinder-ImGui/include/imgui_user.inl"; sourceTree = "<group>"; name = imgui_user.inl; };
		5780D01764F5449C996DD94D /* imconfig.h */ = {isa = PBXFileReference; lastKnownFileType = sourcecode.c.h; path = "../../../../cinder_0.9.0_vc2013/blocks/Cinder-ImGui/lib/imgui/imconfig.h"; sourceTree = "<group>"; name = imconfig.h; };
		24E2C36BABDC42779F12F55E /* imgui.h */ = {isa = PBXFileReference; lastKnownFileType = sourcecode.c.h; path = "../../../../cinder_0.9.0_vc2013/blocks/Cinder-ImGui/lib/imgui/imgui.h"; sourceTree = "<group>"; name = imgui.h; };
		5FDC7DD979A74F338B496492 /* imgui_internal.h */ = {isa = PBXFileReference; lastKnownFileType = sourcecode.c.h; path = "../../../../cinder_0.9.0_vc2013/blocks/Cinder-ImGui/lib/imgui/imgui_internal.h"; sourceTree = "<group>"; name = imgui_internal.h; };
		78FC39A2E04B46CBACD904E9 /* CinderImGui.cpp */ = {isa = PBXFileReference; lastKnownFileType = sourcecode.c.cpp; path = "../../../../cinder_0.9.0_vc2013/blocks/Cinder-ImGui/src/CinderImGui.cpp"; sourceTree = "<group>"; name = CinderImGui.cpp; };
		F60A493252DA4A0DB5B65A21 /* imgui.cpp */ = {isa = PBXFileReference; lastKnownFileType = sourcecode.c.cpp; path = "../../../../cinder_0.9.0_vc2013/blocks/Cinder-ImGui/lib/imgui/imgui.cpp"; sourceTree = "<group>"; name = imgui.cpp; };
		036F83FC86EF4A2C9F0E9866 /* imgui_draw.cpp */ = {isa = PBXFileReference; lastKnownFileType = sourcecode.c.cpp; path = "../../../../cinder_0.9.0_vc2013/blocks/Cinder-ImGui/lib/imgui/imgui_draw.cpp"; sourceTree = "<group>"; name = imgui_draw.cpp; };
		A9B7089E1CFC49B8BCAAFB6F /* imgui_demo.cpp */ = {isa = PBXFileReference; lastKnownFileType = sourcecode.c.cpp; path = "../../../../cinder_0.9.0_vc2013/blocks/Cinder-ImGui/lib/imgui/imgui_demo.cpp"; sourceTree = "<group>"; name = imgui_demo.cpp; };
/* End PBXFileReference section */

/* Begin PBXFrameworksBuildPhase section */
		8D11072E0486CEB800E47090 /* Frameworks */ = {
			isa = PBXFrameworksBuildPhase;
			buildActionMask = 2147483647;
			files = (
				006D720419952D00008149E2 /* AVFoundation.framework in Frameworks */,
				006D720519952D00008149E2 /* CoreMedia.framework in Frameworks */,
				8D11072F0486CEB800E47090 /* Cocoa.framework in Frameworks */,
				0091D8F90E81B9330029341E /* OpenGL.framework in Frameworks */,
				5323E6B20EAFCA74003A9687 /* CoreVideo.framework in Frameworks */,
				00B784B30FF439BC000DE1D7 /* Accelerate.framework in Frameworks */,
				00B784B40FF439BC000DE1D7 /* AudioToolbox.framework in Frameworks */,
				00B784B50FF439BC000DE1D7 /* AudioUnit.framework in Frameworks */,
				00B784B60FF439BC000DE1D7 /* CoreAudio.framework in Frameworks */,
				00B9955A1B128DF400A5C623 /* IOKit.framework in Frameworks */,
				00B9955B1B128DF400A5C623 /* IOSurface.framework in Frameworks */,
			);
			runOnlyForDeploymentPostprocessing = 0;
		};
/* End PBXFrameworksBuildPhase section */

/* Begin PBXGroup section */
		080E96DDFE201D6D7F000001 /* Source */ = {
			isa = PBXGroup;
			children = (
				6A9D18B81C044BBCBACA1770 /* CameraApp.cpp */,
			);
			name = Source;
			sourceTree = "<group>";
		};
		1058C7A0FEA54F0111CA2CBB /* Linked Frameworks */ = {
			isa = PBXGroup;
			children = (
				006D720219952D00008149E2 /* AVFoundation.framework */,
				006D720319952D00008149E2 /* CoreMedia.framework */,
				00B784AF0FF439BC000DE1D7 /* Accelerate.framework */,
				00B784B00FF439BC000DE1D7 /* AudioToolbox.framework */,
				00B784B10FF439BC000DE1D7 /* AudioUnit.framework */,
				00B784B20FF439BC000DE1D7 /* CoreAudio.framework */,
				5323E6B10EAFCA74003A9687 /* CoreVideo.framework */,
				0091D8F80E81B9330029341E /* OpenGL.framework */,
				1058C7A1FEA54F0111CA2CBB /* Cocoa.framework */,
				00B995581B128DF400A5C623 /* IOKit.framework */,
				00B995591B128DF400A5C623 /* IOSurface.framework */,
			);
			name = "Linked Frameworks";
			sourceTree = "<group>";
		};
		1058C7A2FEA54F0111CA2CBB /* Other Frameworks */ = {
			isa = PBXGroup;
			children = (
				29B97324FDCFA39411CA2CEA /* AppKit.framework */,
				29B97325FDCFA39411CA2CEA /* Foundation.framework */,
			);
			name = "Other Frameworks";
			sourceTree = "<group>";
		};
		19C28FACFE9D520D11CA2CBB /* Products */ = {
			isa = PBXGroup;
			children = (
				8D1107320486CEB800E47090 /* Camera.app */,
			);
			name = Products;
			sourceTree = "<group>";
		};
		29B97314FDCFA39411CA2CEA /* Camera */ = {
			isa = PBXGroup;
			children = (
				01B97315FEAEA392516A2CEA /* Blocks */,
				29B97315FDCFA39411CA2CEA /* Headers */,
				080E96DDFE201D6D7F000001 /* Source */,
				29B97317FDCFA39411CA2CEA /* Resources */,
				29B97323FDCFA39411CA2CEA /* Frameworks */,
				19C28FACFE9D520D11CA2CBB /* Products */,
			);
			name = Camera;
			sourceTree = "<group>";
		};
		8F1449D04ED9430993574B43 /* include */ = {
			isa = PBXGroup;
			children = (
				A9A1525D7A564CBDA960CDAB /* CinderImGui.h */,
				766E33F2F3DA4EDEB3EDBD28 /* imgui_user.h */,
				AA2AE4AAA09940A2BD0A3147 /* imgui_user.inl */,
			);
			name = include;
			sourceTree = "<group>";
		};
		5F3E0FBD1C6E4B159F73DD87 /* imgui */ = {
			isa = PBXGroup;
			children = (
				5780D01764F5449C996DD94D /* imconfig.h */,
				24E2C36BABDC42779F12F55E /* imgui.h */,
				5FDC7DD979A74F338B496492 /* imgui_internal.h */,
				F60A493252DA4A0DB5B65A21 /* imgui.cpp */,
				036F83FC86EF4A2C9F0E9866 /* imgui_draw.cpp */,
				A9B7089E1CFC49B8BCAAFB6F /* imgui_demo.cpp */,
			);
			name = imgui;
			sourceTree = "<group>";
		};
		FE48CB01662C421683986516 /* lib */ = {
			isa = PBXGroup;
			children = (
				5F3E0FBD1C6E4B159F73DD87 /* imgui */,
			);
			name = lib;
			sourceTree = "<group>";
		};
		720254E2E221433FA1EB5D51 /* src */ = {
			isa = PBXGroup;
			children = (
				78FC39A2E04B46CBACD904E9 /* CinderImGui.cpp */,
			);
			name = src;
			sourceTree = "<group>";
		};
		C693096AC7824715AE7D5506 /* ImGui */ = {
			isa = PBXGroup;
			children = (
				8F1449D04ED9430993574B43 /* include */,
				FE48CB01662C421683986516 /* lib */,
				720254E2E221433FA1EB5D51 /* src */,
			);
			name = ImGui;
			sourceTree = "<group>";
		};
		01B97315FEAEA392516A2CEA /* Blocks */ = {
			isa = PBXGroup;
			children = (
				C693096AC7824715AE7D5506 /* ImGui */,
			);
			name = Blocks;
			sourceTree = "<group>";
		};
		29B97315FDCFA39411CA2CEA /* Headers */ = {
			isa = PBXGroup;
			children = (
				E99D57723EB946F08AF0D2EB /* Resources.h */,
				5CA79152A4E24D48B7DF37F4 /* Camera_Prefix.pch */,
			);
			name = Headers;
			sourceTree = "<group>";
		};
		29B97317FDCFA39411CA2CEA /* Resources */ = {
			isa = PBXGroup;
			children = (
				4E6380F489644BEB9CBFB007 /* CinderApp.icns */,
				A172A0A24036447EAE695D7C /* Info.plist */,
			);
			name = Resources;
			sourceTree = "<group>";
		};
		29B97323FDCFA39411CA2CEA /* Frameworks */ = {
			isa = PBXGroup;
			children = (
				1058C7A0FEA54F0111CA2CBB /* Linked Frameworks */,
				1058C7A2FEA54F0111CA2CBB /* Other Frameworks */,
			);
			name = Frameworks;
			sourceTree = "<group>";
		};
/* End PBXGroup section */

/* Begin PBXNativeTarget section */
		8D1107260486CEB800E47090 /* Camera */ = {
			isa = PBXNativeTarget;
			buildConfigurationList = C01FCF4A08A954540054247B /* Build configuration list for PBXNativeTarget "Camera" */;
			buildPhases = (
				8D1107290486CEB800E47090 /* Resources */,
				8D11072C0486CEB800E47090 /* Sources */,
				8D11072E0486CEB800E47090 /* Frameworks */,
			);
			buildRules = (
			);
			dependencies = (
			);
			name = Camera;
			productInstallPath = "$(HOME)/Applications";
			productName = Camera;
			productReference = 8D1107320486CEB800E47090 /* Camera.app */;
			productType = "com.apple.product-type.application";
		};
/* End PBXNativeTarget section */

/* Begin PBXProject section */
		29B97313FDCFA39411CA2CEA /* Project object */ = {
			isa = PBXProject;
			buildConfigurationList = C01FCF4E08A954540054247B /* Build configuration list for PBXProject "Camera" */;
			compatibilityVersion = "Xcode 3.2";
			developmentRegion = English;
			hasScannedForEncodings = 1;
			knownRegions = (
				English,
				Japanese,
				French,
				German,
			);
			mainGroup = 29B97314FDCFA39411CA2CEA /* Camera */;
			projectDirPath = "";
			projectRoot = "";
			targets = (
				8D1107260486CEB800E47090 /* Camera */,
			);
		};
/* End PBXProject section */

/* Begin PBXResourcesBuildPhase section */
		8D1107290486CEB800E47090 /* Resources */ = {
			isa = PBXResourcesBuildPhase;
			buildActionMask = 2147483647;
			files = (
				4FAC4DA8CCEB496782831B94 /* CinderApp.icns in Resources */,
			);
			runOnlyForDeploymentPostprocessing = 0;
		};
/* End PBXResourcesBuildPhase section */

/* Begin PBXSourcesBuildPhase section */
		8D11072C0486CEB800E47090 /* Sources */ = {
			isa = PBXSourcesBuildPhase;
			buildActionMask = 2147483647;
			files = (
				3D21DD72824D4823B0C8AA62 /* CameraApp.cpp in Sources */,
				2B909EA34199455FB140D858 /* CinderImGui.cpp in Sources */,
				366D7C7C3083465A97054955 /* imgui.cpp in Sources */,
				BABA83D8A59C497C85550BEC /* imgui_draw.cpp in Sources */,
				1BB3CA4539D24B4EAFDEEC66 /* imgui_demo.cpp in Sources */,
			);
			runOnlyForDeploymentPostprocessing = 0;
		};
/* End PBXSourcesBuildPhase section */

/* Begin XCBuildConfiguration section */
		C01FCF4B08A954540054247B /* Debug */ = {
			isa = XCBuildConfiguration;
			buildSettings = {
				COMBINE_HIDPI_IMAGES = YES;
				DEAD_CODE_STRIPPING = YES;
				COPY_PHASE_STRIP = NO;
				GCC_DYNAMIC_NO_PIC = NO;
				GCC_INLINES_ARE_PRIVATE_EXTERN = YES;
				GCC_OPTIMIZATION_LEVEL = 0;
				GCC_PREPROCESSOR_DEFINITIONS = (
					"DEBUG=1",
					"$(inherited)",
				);
				GCC_PRECOMPILE_PREFIX_HEADER = YES;
				GCC_PREFIX_HEADER = Camera_Prefix.pch;
				GCC_SYMBOLS_PRIVATE_EXTERN = NO;
				INFOPLIST_FILE = Info.plist;
				INSTALL_PATH = "$(HOME)/Applications";
				OTHER_LDFLAGS = "\"$(CINDER_PATH)/lib/libcinder_d.a\"";
				PRODUCT_BUNDLE_IDENTIFIER = "org.libcinder.${PRODUCT_NAME:rfc1034identifier}";
				PRODUCT_NAME = Camera;
				SYMROOT = ./build;
				WRAPPER_EXTENSION = app;
			};
			name = Debug;
		};
		C01FCF4C08A954540054247B /* Release */ = {
			isa = XCBuildConfiguration;
			buildSettings = {
				COMBINE_HIDPI_IMAGES = YES;
				DEAD_CODE_STRIPPING = YES;
				DEBUG_INFORMATION_FORMAT = "dwarf-with-dsym";
				GCC_FAST_MATH = YES;
				GCC_GENERATE_DEBUGGING_SYMBOLS = NO;
				GCC_INLINES_ARE_PRIVATE_EXTERN = YES;
				GCC_OPTIMIZATION_LEVEL = 3;
				GCC_PREPROCESSOR_DEFINITIONS = (
					"NDEBUG=1",
					"$(inherited)",
				);
				GCC_PRECOMPILE_PREFIX_HEADER = YES;
				GCC_PREFIX_HEADER = Camera_Prefix.pch;
				GCC_SYMBOLS_PRIVATE_EXTERN = NO;
				INFOPLIST_FILE = Info.plist;
				INSTALL_PATH = "$(HOME)/Applications";
				OTHER_LDFLAGS = "\"$(CINDER_PATH)/lib/libcinder.a\"";
				PRODUCT_BUNDLE_IDENTIFIER = "org.libcinder.${PRODUCT_NAME:rfc1034identifier}";
				PRODUCT_NAME = Camera;
				STRIP_INSTALLED_PRODUCT = YES;
				SYMROOT = ./build;
				WRAPPER_EXTENSION = app;
			};
			name = Release;
		};
		C01FCF4F08A954540054247B /* Debug */ = {
			isa = XCBuildConfiguration;
			buildSettings = {
				ALWAYS_SEARCH_USER_PATHS = NO;
				CINDER_PATH = "../../../../cinder_0.9.0_vc2013";
				CLANG_CXX_LANGUAGE_STANDARD = "c++11";
				CLANG_CXX_LIBRARY = "libc++";
				ENABLE_TESTABILITY = YES;
				GCC_WARN_ABOUT_RETURN_TYPE = YES;
				GCC_WARN_UNUSED_VARIABLE = YES;
				HEADER_SEARCH_PATHS = "\"$(CINDER_PATH)/include\"";
				MACOSX_DEPLOYMENT_TARGET = 10.8;
				ONLY_ACTIVE_ARCH = YES;
				SDKROOT = macosx;
				USER_HEADER_SEARCH_PATHS = (
					"\"$(CINDER_PATH)/include\" ../include",
					"\"../../../../cinder_0.9.0_vc2013/blocks/Cinder-ImGui/lib/imgui\"",
					"\"../../../../cinder_0.9.0_vc2013/blocks/Cinder-ImGui/include\"",
				);
			};
			name = Debug;
		};
		C01FCF5008A954540054247B /* Release */ = {
			isa = XCBuildConfiguration;
			buildSettings = {
				ALWAYS_SEARCH_USER_PATHS = NO;
				CINDER_PATH = "../../../../cinder_0.9.0_vc2013";
				CLANG_CXX_LANGUAGE_STANDARD = "c++11";
				CLANG_CXX_LIBRARY = "libc++";
				GCC_WARN_ABOUT_RETURN_TYPE = YES;
				GCC_WARN_UNUSED_VARIABLE = YES;
				HEADER_SEARCH_PATHS = "\"$(CINDER_PATH)/include\"";
				MACOSX_DEPLOYMENT_TARGET = 10.8;
				SDKROOT = macosx;
				USER_HEADER_SEARCH_PATHS = (
					"\"$(CINDER_PATH)/include\" ../include",
					"\"../../../../cinder_0.9.0_vc2013/blocks/Cinder-ImGui/lib/imgui\"",
					"\"../../../../cinder_0.9.0_vc2013/blocks/Cinder-ImGui/include\"",
				);
			};
			name = Release;
		};
/* End XCBuildConfiguration section */

/* Begin XCConfigurationList section */
		C01FCF4A08A954540054247B /* Build configuration list for PBXNativeTarget "Camera" */ = {
			isa = XCConfigurationList;
			buildConfigurations = (
				C01FCF4B08A954540054247B /* Debug */,
				C01FCF4C08A954540054247B /* Release */,
			);
			defaultConfigurationIsVisible = 0;
			defaultConfigurationName = Release;
		};
		C01FCF4E08A954540054247B /* Build configuration list for PBXProject "Camera" */ = {
			isa = XCConfigurationList;
			buildConfigurations = (
				C01FCF4F08A954540054247B /* Debug */,
				C01FCF5008A954540054247B /* Release */,
			);
			defaultConfigurationIsVisible = 0;
			defaultConfigurationName = Release;
		};
/* End XCConfigurationList section */
	};
	rootObject = 29B97313FDCFA39411CA2CEA /* Project object */;
}
